// !$*UTF8*$!
{
	archiveVersion = 1;
	classes = {
	};
	objectVersion = 46;
	objects = {

/* Begin PBXBuildFile section */
		7EFCA8CF1CE6351B0043D5E9 /* AppDelegate.swift in Sources */ = {isa = PBXBuildFile; fileRef = 7EFCA8CE1CE6351B0043D5E9 /* AppDelegate.swift */; };
		7EFCA8D11CE6351B0043D5E9 /* ViewController.swift in Sources */ = {isa = PBXBuildFile; fileRef = 7EFCA8D01CE6351B0043D5E9 /* ViewController.swift */; };
		7EFCA8D41CE6351B0043D5E9 /* Main.storyboard in Resources */ = {isa = PBXBuildFile; fileRef = 7EFCA8D21CE6351B0043D5E9 /* Main.storyboard */; };
		7EFCA8D61CE6351B0043D5E9 /* Assets.xcassets in Resources */ = {isa = PBXBuildFile; fileRef = 7EFCA8D51CE6351B0043D5E9 /* Assets.xcassets */; };
		7EFCA8D91CE6351B0043D5E9 /* LaunchScreen.storyboard in Resources */ = {isa = PBXBuildFile; fileRef = 7EFCA8D71CE6351B0043D5E9 /* LaunchScreen.storyboard */; };
		7EFCA8E11CE6365A0043D5E9 /* CoreLocation.framework in Frameworks */ = {isa = PBXBuildFile; fileRef = 7EFCA8E01CE6365A0043D5E9 /* CoreLocation.framework */; };
/* End PBXBuildFile section */

/* Begin PBXFileReference section */
		7EFCA8CB1CE6351A0043D5E9 /* BGLocation.app */ = {isa = PBXFileReference; explicitFileType = wrapper.application; includeInIndex = 0; path = BGLocation.app; sourceTree = BUILT_PRODUCTS_DIR; };
		7EFCA8CE1CE6351B0043D5E9 /* AppDelegate.swift */ = {isa = PBXFileReference; lastKnownFileType = sourcecode.swift; path = AppDelegate.swift; sourceTree = "<group>"; };
		7EFCA8D01CE6351B0043D5E9 /* ViewController.swift */ = {isa = PBXFileReference; lastKnownFileType = sourcecode.swift; path = ViewController.swift; sourceTree = "<group>"; };
		7EFCA8D31CE6351B0043D5E9 /* Base */ = {isa = PBXFileReference; lastKnownFileType = file.storyboard; name = Base; path = Base.lproj/Main.storyboard; sourceTree = "<group>"; };
		7EFCA8D51CE6351B0043D5E9 /* Assets.xcassets */ = {isa = PBXFileReference; lastKnownFileType = folder.assetcatalog; path = Assets.xcassets; sourceTree = "<group>"; };
		7EFCA8D81CE6351B0043D5E9 /* Base */ = {isa = PBXFileReference; lastKnownFileType = file.storyboard; name = Base; path = Base.lproj/LaunchScreen.storyboard; sourceTree = "<group>"; };
		7EFCA8DA1CE6351B0043D5E9 /* Info.plist */ = {isa = PBXFileReference; lastKnownFileType = text.plist.xml; path = Info.plist; sourceTree = "<group>"; };
		7EFCA8E01CE6365A0043D5E9 /* CoreLocation.framework */ = {isa = PBXFileReference; lastKnownFileType = wrapper.framework; name = CoreLocation.framework; path = System/Library/Frameworks/CoreLocation.framework; sourceTree = SDKROOT; };
/* End PBXFileReference section */

/* Begin PBXFrameworksBuildPhase section */
		7EFCA8C81CE6351A0043D5E9 /* Frameworks */ = {
			isa = PBXFrameworksBuildPhase;
			buildActionMask = 2147483647;
			files = (
				7EFCA8E11CE6365A0043D5E9 /* CoreLocation.framework in Frameworks */,
			);
			runOnlyForDeploymentPostprocessing = 0;
		};
/* End PBXFrameworksBuildPhase section */

/* Begin PBXGroup section */
		7EFCA8C21CE6351A0043D5E9 = {
			isa = PBXGroup;
			children = (
				7EFCA8E01CE6365A0043D5E9 /* CoreLocation.framework */,
				7EFCA8CD1CE6351A0043D5E9 /* BGLocation */,
				7EFCA8CC1CE6351A0043D5E9 /* Products */,
			);
			sourceTree = "<group>";
		};
		7EFCA8CC1CE6351A0043D5E9 /* Products */ = {
			isa = PBXGroup;
			children = (
				7EFCA8CB1CE6351A0043D5E9 /* BGLocation.app */,
			);
			name = Products;
			sourceTree = "<group>";
		};
		7EFCA8CD1CE6351A0043D5E9 /* BGLocation */ = {
			isa = PBXGroup;
			children = (
				7EFCA8CE1CE6351B0043D5E9 /* AppDelegate.swift */,
				7EFCA8D01CE6351B0043D5E9 /* ViewController.swift */,
				7EFCA8D21CE6351B0043D5E9 /* Main.storyboard */,
				7EFCA8D51CE6351B0043D5E9 /* Assets.xcassets */,
				7EFCA8D71CE6351B0043D5E9 /* LaunchScreen.storyboard */,
				7EFCA8DA1CE6351B0043D5E9 /* Info.plist */,
			);
			path = BGLocation;
			sourceTree = "<group>";
		};
/* End PBXGroup section */

/* Begin PBXNativeTarget section */
		7EFCA8CA1CE6351A0043D5E9 /* BGLocation */ = {
			isa = PBXNativeTarget;
			buildConfigurationList = 7EFCA8DD1CE6351B0043D5E9 /* Build configuration list for PBXNativeTarget "BGLocation" */;
			buildPhases = (
				7EFCA8C71CE6351A0043D5E9 /* Sources */,
				7EFCA8C81CE6351A0043D5E9 /* Frameworks */,
				7EFCA8C91CE6351A0043D5E9 /* Resources */,
			);
			buildRules = (
			);
			dependencies = (
			);
			name = BGLocation;
			productName = BGLocation;
			productReference = 7EFCA8CB1CE6351A0043D5E9 /* BGLocation.app */;
			productType = "com.apple.product-type.application";
		};
/* End PBXNativeTarget section */

/* Begin PBXProject section */
		7EFCA8C31CE6351A0043D5E9 /* Project object */ = {
			isa = PBXProject;
			attributes = {
				LastSwiftUpdateCheck = 0720;
				LastUpgradeCheck = 0720;
				ORGANIZATIONNAME = "dhaval nagar";
				TargetAttributes = {
					7EFCA8CA1CE6351A0043D5E9 = {
						CreatedOnToolsVersion = 7.2;
						DevelopmentTeam = VDRAD3Z75Z;
						SystemCapabilities = {
							com.apple.BackgroundModes = {
								enabled = 1;
							};
						};
					};
				};
			};
			buildConfigurationList = 7EFCA8C61CE6351A0043D5E9 /* Build configuration list for PBXProject "BGLocation" */;
			compatibilityVersion = "Xcode 3.2";
			developmentRegion = English;
			hasScannedForEncodings = 0;
			knownRegions = (
				en,
				Base,
			);
			mainGroup = 7EFCA8C21CE6351A0043D5E9;
			productRefGroup = 7EFCA8CC1CE6351A0043D5E9 /* Products */;
			projectDirPath = "";
			projectRoot = "";
			targets = (
				7EFCA8CA1CE6351A0043D5E9 /* BGLocation */,
			);
		};
/* End PBXProject section */

/* Begin PBXResourcesBuildPhase section */
		7EFCA8C91CE6351A0043D5E9 /* Resources */ = {
			isa = PBXResourcesBuildPhase;
			buildActionMask = 2147483647;
			files = (
				7EFCA8D91CE6351B0043D5E9 /* LaunchScreen.storyboard in Resources */,
				7EFCA8D61CE6351B0043D5E9 /* Assets.xcassets in Resources */,
				7EFCA8D41CE6351B0043D5E9 /* Main.storyboard in Resources */,
			);
			runOnlyForDeploymentPostprocessing = 0;
		};
/* End PBXResourcesBuildPhase section */

/* Begin PBXSourcesBuildPhase section */
		7EFCA8C71CE6351A0043D5E9 /* Sources */ = {
			isa = PBXSourcesBuildPhase;
			buildActionMask = 2147483647;
			files = (
				7EFCA8D11CE6351B0043D5E9 /* ViewController.swift in Sources */,
				7EFCA8CF1CE6351B0043D5E9 /* AppDelegate.swift in Sources */,
			);
			runOnlyForDeploymentPostprocessing = 0;
		};
/* End PBXSourcesBuildPhase section */

/* Begin PBXVariantGroup section */
		7EFCA8D21CE6351B0043D5E9 /* Main.storyboard */ = {
			isa = PBXVariantGroup;
			children = (
				7EFCA8D31CE6351B0043D5E9 /* Base */,
			);
			name = Main.storyboard;
			sourceTree = "<group>";
		};
		7EFCA8D71CE6351B0043D5E9 /* LaunchScreen.storyboard */ = {
			isa = PBXVariantGroup;
			children = (
				7EFCA8D81CE6351B0043D5E9 /* Base */,
			);
			name = LaunchScreen.storyboard;
			sourceTree = "<group>";
		};
/* End PBXVariantGroup section */

/* Begin XCBuildConfiguration section */
		7EFCA8DB1CE6351B0043D5E9 /* Debug */ = {
			isa = XCBuildConfiguration;
			buildSettings = {
				ALWAYS_SEARCH_USER_PATHS = NO;
				CLANG_CXX_LANGUAGE_STANDARD = "gnu++0x";
				CLANG_CXX_LIBRARY = "libc++";
				CLANG_ENABLE_MODULES = YES;
				CLANG_ENABLE_OBJC_ARC = YES;
				CLANG_WARN_BOOL_CONVERSION = YES;
				CLANG_WARN_CONSTANT_CONVERSION = YES;
				CLANG_WARN_DIRECT_OBJC_ISA_USAGE = YES_ERROR;
				CLANG_WARN_EMPTY_BODY = YES;
				CLANG_WARN_ENUM_CONVERSION = YES;
				CLANG_WARN_INT_CONVERSION = YES;
				CLANG_WARN_OBJC_ROOT_CLASS = YES_ERROR;
				CLANG_WARN_UNREACHABLE_CODE = YES;
				CLANG_WARN__DUPLICATE_METHOD_MATCH = YES;
				"CODE_SIGN_IDENTITY[sdk=iphoneos*]" = "iPhone Developer";
				COPY_PHASE_STRIP = NO;
				DEBUG_INFORMATION_FORMAT = dwarf;
				ENABLE_STRICT_OBJC_MSGSEND = YES;
				ENABLE_TESTABILITY = YES;
				GCC_C_LANGUAGE_STANDARD = gnu99;
				GCC_DYNAMIC_NO_PIC = NO;
				GCC_NO_COMMON_BLOCKS = YES;
				GCC_OPTIMIZATION_LEVEL = 0;
				GCC_PREPROCESSOR_DEFINITIONS = (
					"DEBUG=1",
					"$(inherited)",
				);
				GCC_WARN_64_TO_32_BIT_CONVERSION = YES;
				GCC_WARN_ABOUT_RETURN_TYPE = YES_ERROR;
				GCC_WARN_UNDECLARED_SELECTOR = YES;
				GCC_WARN_UNINITIALIZED_AUTOS = YES_AGGRESSIVE;
				GCC_WARN_UNUSED_FUNCTION = YES;
				GCC_WARN_UNUSED_VARIABLE = YES;
				IPHONEOS_DEPLOYMENT_TARGET = 9.2;
				MTL_ENABLE_DEBUG_INFO = YES;
				ONLY_ACTIVE_ARCH = YES;
				SDKROOT = iphoneos;
				SWIFT_OPTIMIZATION_LEVEL = "-Onone";
				TARGETED_DEVICE_FAMILY = "1,2";
			};
			name = Debug;
		};
		7EFCA8DC1CE6351B0043D5E9 /* Release */ = {
			isa = XCBuildConfiguration;
			buildSettings = {
				ALWAYS_SEARCH_USER_PATHS = NO;
				CLANG_CXX_LANGUAGE_STANDARD = "gnu++0x";
				CLANG_CXX_LIBRARY = "libc++";
				CLANG_ENABLE_MODULES = YES;
				CLANG_ENABLE_OBJC_ARC = YES;
				CLANG_WARN_BOOL_CONVERSION = YES;
				CLANG_WARN_CONSTANT_CONVERSION = YES;
				CLANG_WARN_DIRECT_OBJC_ISA_USAGE = YES_ERROR;
				CLANG_WARN_EMPTY_BODY = YES;
				CLANG_WARN_ENUM_CONVERSION = YES;
				CLANG_WARN_INT_CONVERSION = YES;
				CLANG_WARN_OBJC_ROOT_CLASS = YES_ERROR;
				CLANG_WARN_UNREACHABLE_CODE = YES;
				CLANG_WARN__DUPLICATE_METHOD_MATCH = YES;
				"CODE_SIGN_IDENTITY[sdk=iphoneos*]" = "iPhone Developer";
				COPY_PHASE_STRIP = NO;
				DEBUG_INFORMATION_FORMAT = "dwarf-with-dsym";
				ENABLE_NS_ASSERTIONS = NO;
				ENABLE_STRICT_OBJC_MSGSEND = YES;
				GCC_C_LANGUAGE_STANDARD = gnu99;
				GCC_NO_COMMON_BLOCKS = YES;
				GCC_WARN_64_TO_32_BIT_CONVERSION = YES;
				GCC_WARN_ABOUT_RETURN_TYPE = YES_ERROR;
				GCC_WARN_UNDECLARED_SELECTOR = YES;
				GCC_WARN_UNINITIALIZED_AUTOS = YES_AGGRESSIVE;
				GCC_WARN_UNUSED_FUNCTION = YES;
				GCC_WARN_UNUSED_VARIABLE = YES;
				IPHONEOS_DEPLOYMENT_TARGET = 9.2;
				MTL_ENABLE_DEBUG_INFO = NO;
				SDKROOT = iphoneos;
				TARGETED_DEVICE_FAMILY = "1,2";
				VALIDATE_PRODUCT = YES;
			};
			name = Release;
		};
		7EFCA8DE1CE6351B0043D5E9 /* Debug */ = {
			isa = XCBuildConfiguration;
			buildSettings = {
				ASSETCATALOG_COMPILER_APPICON_NAME = AppIcon;
				CODE_SIGN_IDENTITY = "iPhone Distribution: JumpByte (MB7HPYF6GH)";
				INFOPLIST_FILE = BGLocation/Info.plist;
				LD_RUNPATH_SEARCH_PATHS = "$(inherited) @executable_path/Frameworks";
				PRODUCT_BUNDLE_IDENTIFIER = com.jumpbyte.backgroundlocation;
				PRODUCT_NAME = "$(TARGET_NAME)";
				PROVISIONING_PROFILE = "4b8107d8-5350-4980-b36d-16f07be2d84a";
			};
			name = Debug;
		};
		7EFCA8DF1CE6351B0043D5E9 /* Release */ = {
			isa = XCBuildConfiguration;
			buildSettings = {
				ASSETCATALOG_COMPILER_APPICON_NAME = AppIcon;
				CODE_SIGN_IDENTITY = "iPhone Distribution: JumpByte (MB7HPYF6GH)";
				INFOPLIST_FILE = BGLocation/Info.plist;
				LD_RUNPATH_SEARCH_PATHS = "$(inherited) @executable_path/Frameworks";
				PRODUCT_BUNDLE_IDENTIFIER = com.jumpbyte.backgroundlocation;
				PRODUCT_NAME = "$(TARGET_NAME)";
				PROVISIONING_PROFILE = "4b8107d8-5350-4980-b36d-16f07be2d84a";
			};
			name = Release;
		};
/* End XCBuildConfiguration section */

/* Begin XCConfigurationList section */
		7EFCA8C61CE6351A0043D5E9 /* Build configuration list for PBXProject "BGLocation" */ = {
			isa = XCConfigurationList;
			buildConfigurations = (
				7EFCA8DB1CE6351B0043D5E9 /* Debug */,
				7EFCA8DC1CE6351B0043D5E9 /* Release */,
			);
			defaultConfigurationIsVisible = 0;
			defaultConfigurationName = Release;
		};
		7EFCA8DD1CE6351B0043D5E9 /* Build configuration list for PBXNativeTarget "BGLocation" */ = {
			isa = XCConfigurationList;
			buildConfigurations = (
				7EFCA8DE1CE6351B0043D5E9 /* Debug */,
				7EFCA8DF1CE6351B0043D5E9 /* Release */,
			);
			defaultConfigurationIsVisible = 0;
		};
/* End XCConfigurationList section */
	};
	rootObject = 7EFCA8C31CE6351A0043D5E9 /* Project object */;
}
